
Microsoft Visual Studio Solution File, Format Version 12.00
# Visual Studio Version 17
VisualStudioVersion = 17.1.32319.34
MinimumVisualStudioVersion = 10.0.40219.1
Project("{FAE04EC0-301F-11D3-BF4B-00C04F79EFBC}") = "YONETMENLER VE FILMLER 2D ARRAY", "YONETMENLER VE FILMLER 2D ARRAY.csproj", "{A5E0B67F-624F-491E-AC85-A0FCB519A100}"
EndProject
Global
	GlobalSection(SolutionConfigurationPlatforms) = preSolution
		Debug|Any CPU = Debug|Any CPU
		Release|Any CPU = Release|Any CPU
	EndGlobalSection
	GlobalSection(ProjectConfigurationPlatforms) = postSolution
		{A5E0B67F-624F-491E-AC85-A0FCB519A100}.Debug|Any CPU.ActiveCfg = Debug|Any CPU
		{A5E0B67F-624F-491E-AC85-A0FCB519A100}.Debug|Any CPU.Build.0 = Debug|Any CPU
		{A5E0B67F-624F-491E-AC85-A0FCB519A100}.Release|Any CPU.ActiveCfg = Release|Any CPU
		{A5E0B67F-624F-491E-AC85-A0FCB519A100}.Release|Any CPU.Build.0 = Release|Any CPU
	EndGlobalSection
	GlobalSection(SolutionProperties) = preSolution
		HideSolutionNode = FALSE
	EndGlobalSection
	GlobalSection(ExtensibilityGlobals) = postSolution
		SolutionGuid = {352FAE8B-0220-4489-8995-5E2909DA29BD}
	EndGlobalSection
EndGlobal
